// !$*UTF8*$!
{
	archiveVersion = 1;
	classes = {
	};
	objectVersion = 46;
	objects = {

/* Begin PBXBuildFile section */
		161317E11F3CDDD900173FB3 /* FlickrRecord.swift in Sources */ = {isa = PBXBuildFile; fileRef = 161317E01F3CDDD900173FB3 /* FlickrRecord.swift */; };
		161317E31F3DF02200173FB3 /* GalleryLayout.swift in Sources */ = {isa = PBXBuildFile; fileRef = 161317E21F3DF02200173FB3 /* GalleryLayout.swift */; };
		161317E51F3E355400173FB3 /* GalleryViewCell.swift in Sources */ = {isa = PBXBuildFile; fileRef = 161317E41F3E355400173FB3 /* GalleryViewCell.swift */; };
		1625F6B31F3B5833006E7FBA /* FlickrService.swift in Sources */ = {isa = PBXBuildFile; fileRef = 1625F6B21F3B5833006E7FBA /* FlickrService.swift */; };
		1625F6BD1F3B7BAB006E7FBA /* FlickrKeys.plist in Resources */ = {isa = PBXBuildFile; fileRef = 1625F6BC1F3B7BAB006E7FBA /* FlickrKeys.plist */; };
		16BFEB241F348C6900DB41B4 /* AppDelegate.swift in Sources */ = {isa = PBXBuildFile; fileRef = 16BFEB231F348C6900DB41B4 /* AppDelegate.swift */; };
		16BFEB261F348C6900DB41B4 /* GalleryVIewController.swift in Sources */ = {isa = PBXBuildFile; fileRef = 16BFEB251F348C6900DB41B4 /* GalleryVIewController.swift */; };
		16BFEB291F348C6900DB41B4 /* Main.storyboard in Resources */ = {isa = PBXBuildFile; fileRef = 16BFEB271F348C6900DB41B4 /* Main.storyboard */; };
		16BFEB2C1F348C6900DB41B4 /* Flickr_MVVM_C_RXSwift.xcdatamodeld in Sources */ = {isa = PBXBuildFile; fileRef = 16BFEB2A1F348C6900DB41B4 /* Flickr_MVVM_C_RXSwift.xcdatamodeld */; };
		16BFEB2E1F348C6900DB41B4 /* Assets.xcassets in Resources */ = {isa = PBXBuildFile; fileRef = 16BFEB2D1F348C6900DB41B4 /* Assets.xcassets */; };
		16BFEB311F348C6900DB41B4 /* LaunchScreen.storyboard in Resources */ = {isa = PBXBuildFile; fileRef = 16BFEB2F1F348C6900DB41B4 /* LaunchScreen.storyboard */; };
		16BFEB3C1F348C6A00DB41B4 /* Flickr_MVVM_C_RXSwiftTests.swift in Sources */ = {isa = PBXBuildFile; fileRef = 16BFEB3B1F348C6A00DB41B4 /* Flickr_MVVM_C_RXSwiftTests.swift */; };
		9C4845AF34940A419E7C2559 /* Pods_Flickr_MVVM_C_RXSwiftTests.framework in Frameworks */ = {isa = PBXBuildFile; fileRef = 1CE475A17FFFE390F37041DC /* Pods_Flickr_MVVM_C_RXSwiftTests.framework */; };
		9F3BD047FB4830293F11C260 /* Pods_Flickr_MVVM_C_RXSwift.framework in Frameworks */ = {isa = PBXBuildFile; fileRef = 0604E57C86A73886EEB865FC /* Pods_Flickr_MVVM_C_RXSwift.framework */; };
/* End PBXBuildFile section */

/* Begin PBXContainerItemProxy section */
		16BFEB381F348C6A00DB41B4 /* PBXContainerItemProxy */ = {
			isa = PBXContainerItemProxy;
			containerPortal = 16BFEB181F348C6900DB41B4 /* Project object */;
			proxyType = 1;
			remoteGlobalIDString = 16BFEB1F1F348C6900DB41B4;
			remoteInfo = "Flickr+MVVM-C+RXSwift";
		};
/* End PBXContainerItemProxy section */

/* Begin PBXFileReference section */
		0604E57C86A73886EEB865FC /* Pods_Flickr_MVVM_C_RXSwift.framework */ = {isa = PBXFileReference; explicitFileType = wrapper.framework; includeInIndex = 0; path = Pods_Flickr_MVVM_C_RXSwift.framework; sourceTree = BUILT_PRODUCTS_DIR; };
		1501F73C33902791036C6A42 /* Pods-Flickr+MVVM-C+RXSwift.release.xcconfig */ = {isa = PBXFileReference; includeInIndex = 1; lastKnownFileType = text.xcconfig; name = "Pods-Flickr+MVVM-C+RXSwift.release.xcconfig"; path = "Pods/Target Support Files/Pods-Flickr+MVVM-C+RXSwift/Pods-Flickr+MVVM-C+RXSwift.release.xcconfig"; sourceTree = "<group>"; };
		161317E01F3CDDD900173FB3 /* FlickrRecord.swift */ = {isa = PBXFileReference; fileEncoding = 4; lastKnownFileType = sourcecode.swift; path = FlickrRecord.swift; sourceTree = "<group>"; };
		161317E21F3DF02200173FB3 /* GalleryLayout.swift */ = {isa = PBXFileReference; fileEncoding = 4; lastKnownFileType = sourcecode.swift; path = GalleryLayout.swift; sourceTree = "<group>"; };
		161317E41F3E355400173FB3 /* GalleryViewCell.swift */ = {isa = PBXFileReference; fileEncoding = 4; lastKnownFileType = sourcecode.swift; path = GalleryViewCell.swift; sourceTree = "<group>"; };
		1625F6B21F3B5833006E7FBA /* FlickrService.swift */ = {isa = PBXFileReference; fileEncoding = 4; lastKnownFileType = sourcecode.swift; path = FlickrService.swift; sourceTree = "<group>"; };
		1625F6BC1F3B7BAB006E7FBA /* FlickrKeys.plist */ = {isa = PBXFileReference; fileEncoding = 4; lastKnownFileType = text.plist.xml; path = FlickrKeys.plist; sourceTree = "<group>"; };
		16BFEB201F348C6900DB41B4 /* Flickr+MVVM-C+RXSwift.app */ = {isa = PBXFileReference; explicitFileType = wrapper.application; includeInIndex = 0; path = "Flickr+MVVM-C+RXSwift.app"; sourceTree = BUILT_PRODUCTS_DIR; };
		16BFEB231F348C6900DB41B4 /* AppDelegate.swift */ = {isa = PBXFileReference; lastKnownFileType = sourcecode.swift; path = AppDelegate.swift; sourceTree = "<group>"; };
		16BFEB251F348C6900DB41B4 /* GalleryVIewController.swift */ = {isa = PBXFileReference; lastKnownFileType = sourcecode.swift; path = GalleryVIewController.swift; sourceTree = "<group>"; };
		16BFEB281F348C6900DB41B4 /* Base */ = {isa = PBXFileReference; lastKnownFileType = file.storyboard; name = Base; path = Base.lproj/Main.storyboard; sourceTree = "<group>"; };
		16BFEB2B1F348C6900DB41B4 /* Flickr_MVVM_C_RXSwift.xcdatamodel */ = {isa = PBXFileReference; lastKnownFileType = wrapper.xcdatamodel; path = Flickr_MVVM_C_RXSwift.xcdatamodel; sourceTree = "<group>"; };
		16BFEB2D1F348C6900DB41B4 /* Assets.xcassets */ = {isa = PBXFileReference; lastKnownFileType = folder.assetcatalog; path = Assets.xcassets; sourceTree = "<group>"; };
		16BFEB301F348C6900DB41B4 /* Base */ = {isa = PBXFileReference; lastKnownFileType = file.storyboard; name = Base; path = Base.lproj/LaunchScreen.storyboard; sourceTree = "<group>"; };
		16BFEB321F348C6900DB41B4 /* Info.plist */ = {isa = PBXFileReference; lastKnownFileType = text.plist.xml; path = Info.plist; sourceTree = "<group>"; };
		16BFEB371F348C6A00DB41B4 /* Flickr+MVVM-C+RXSwiftTests.xctest */ = {isa = PBXFileReference; explicitFileType = wrapper.cfbundle; includeInIndex = 0; path = "Flickr+MVVM-C+RXSwiftTests.xctest"; sourceTree = BUILT_PRODUCTS_DIR; };
		16BFEB3B1F348C6A00DB41B4 /* Flickr_MVVM_C_RXSwiftTests.swift */ = {isa = PBXFileReference; lastKnownFileType = sourcecode.swift; path = Flickr_MVVM_C_RXSwiftTests.swift; sourceTree = "<group>"; };
		16BFEB3D1F348C6A00DB41B4 /* Info.plist */ = {isa = PBXFileReference; lastKnownFileType = text.plist.xml; path = Info.plist; sourceTree = "<group>"; };
		1CE475A17FFFE390F37041DC /* Pods_Flickr_MVVM_C_RXSwiftTests.framework */ = {isa = PBXFileReference; explicitFileType = wrapper.framework; includeInIndex = 0; path = Pods_Flickr_MVVM_C_RXSwiftTests.framework; sourceTree = BUILT_PRODUCTS_DIR; };
		23F100F6CC215303A085B87D /* Pods-Flickr+MVVM-C+RXSwift.debug.xcconfig */ = {isa = PBXFileReference; includeInIndex = 1; lastKnownFileType = text.xcconfig; name = "Pods-Flickr+MVVM-C+RXSwift.debug.xcconfig"; path = "Pods/Target Support Files/Pods-Flickr+MVVM-C+RXSwift/Pods-Flickr+MVVM-C+RXSwift.debug.xcconfig"; sourceTree = "<group>"; };
		CADB14D2413A2EB2F6943D0F /* Pods-Flickr+MVVM-C+RXSwiftTests.debug.xcconfig */ = {isa = PBXFileReference; includeInIndex = 1; lastKnownFileType = text.xcconfig; name = "Pods-Flickr+MVVM-C+RXSwiftTests.debug.xcconfig"; path = "Pods/Target Support Files/Pods-Flickr+MVVM-C+RXSwiftTests/Pods-Flickr+MVVM-C+RXSwiftTests.debug.xcconfig"; sourceTree = "<group>"; };
		F315544764D7A60A18767C0A /* Pods-Flickr+MVVM-C+RXSwiftTests.release.xcconfig */ = {isa = PBXFileReference; includeInIndex = 1; lastKnownFileType = text.xcconfig; name = "Pods-Flickr+MVVM-C+RXSwiftTests.release.xcconfig"; path = "Pods/Target Support Files/Pods-Flickr+MVVM-C+RXSwiftTests/Pods-Flickr+MVVM-C+RXSwiftTests.release.xcconfig"; sourceTree = "<group>"; };
/* End PBXFileReference section */

/* Begin PBXFrameworksBuildPhase section */
		16BFEB1D1F348C6900DB41B4 /* Frameworks */ = {
			isa = PBXFrameworksBuildPhase;
			buildActionMask = 2147483647;
			files = (
				9F3BD047FB4830293F11C260 /* Pods_Flickr_MVVM_C_RXSwift.framework in Frameworks */,
			);
			runOnlyForDeploymentPostprocessing = 0;
		};
		16BFEB341F348C6900DB41B4 /* Frameworks */ = {
			isa = PBXFrameworksBuildPhase;
			buildActionMask = 2147483647;
			files = (
				9C4845AF34940A419E7C2559 /* Pods_Flickr_MVVM_C_RXSwiftTests.framework in Frameworks */,
			);
			runOnlyForDeploymentPostprocessing = 0;
		};
/* End PBXFrameworksBuildPhase section */

/* Begin PBXGroup section */
		1625F6B41F3B7A72006E7FBA /* Network */ = {
			isa = PBXGroup;
			children = (
				1625F6B21F3B5833006E7FBA /* FlickrService.swift */,
			);
			name = Network;
			sourceTree = "<group>";
		};
		1625F6B51F3B7A7D006E7FBA /* View */ = {
			isa = PBXGroup;
			children = (
				1625F6B71F3B7A95006E7FBA /* Views */,
				1625F6B61F3B7A88006E7FBA /* Controllers */,
			);
			name = View;
			sourceTree = "<group>";
		};
		1625F6B61F3B7A88006E7FBA /* Controllers */ = {
			isa = PBXGroup;
			children = (
				16BFEB251F348C6900DB41B4 /* GalleryVIewController.swift */,
			);
			name = Controllers;
			sourceTree = "<group>";
		};
		1625F6B71F3B7A95006E7FBA /* Views */ = {
			isa = PBXGroup;
			children = (
				161317E21F3DF02200173FB3 /* GalleryLayout.swift */,
				161317E41F3E355400173FB3 /* GalleryViewCell.swift */,
			);
			name = Views;
			sourceTree = "<group>";
		};
		1625F6B81F3B7AAA006E7FBA /* UI */ = {
			isa = PBXGroup;
			children = (
				16BFEB271F348C6900DB41B4 /* Main.storyboard */,
				16BFEB2F1F348C6900DB41B4 /* LaunchScreen.storyboard */,
			);
			name = UI;
			sourceTree = "<group>";
		};
		1625F6B91F3B7AB6006E7FBA /* Resources */ = {
			isa = PBXGroup;
			children = (
				16BFEB2D1F348C6900DB41B4 /* Assets.xcassets */,
				16BFEB2A1F348C6900DB41B4 /* Flickr_MVVM_C_RXSwift.xcdatamodeld */,
				16BFEB321F348C6900DB41B4 /* Info.plist */,
				1625F6BC1F3B7BAB006E7FBA /* FlickrKeys.plist */,
			);
			name = Resources;
			sourceTree = "<group>";
		};
		1625F6BA1F3B7ACA006E7FBA /* View Models */ = {
			isa = PBXGroup;
			children = (
			);
			name = "View Models";
			sourceTree = "<group>";
		};
		1625F6BB1F3B7AE4006E7FBA /* Coordinators */ = {
			isa = PBXGroup;
			children = (
			);
			name = Coordinators;
			sourceTree = "<group>";
		};
		1625F6BE1F3BAE37006E7FBA /* Model */ = {
			isa = PBXGroup;
			children = (
				161317E01F3CDDD900173FB3 /* FlickrRecord.swift */,
			);
			name = Model;
			sourceTree = "<group>";
		};
		16BFEB171F348C6900DB41B4 = {
			isa = PBXGroup;
			children = (
				16BFEB221F348C6900DB41B4 /* Flickr+MVVM-C+RXSwift */,
				16BFEB3A1F348C6A00DB41B4 /* Flickr+MVVM-C+RXSwiftTests */,
				16BFEB211F348C6900DB41B4 /* Products */,
				FDA5DBFB172A0B91C3DC5CFD /* Pods */,
				6C0F3B47261ABDE6383B9976 /* Frameworks */,
			);
			sourceTree = "<group>";
		};
		16BFEB211F348C6900DB41B4 /* Products */ = {
			isa = PBXGroup;
			children = (
				16BFEB201F348C6900DB41B4 /* Flickr+MVVM-C+RXSwift.app */,
				16BFEB371F348C6A00DB41B4 /* Flickr+MVVM-C+RXSwiftTests.xctest */,
			);
			name = Products;
			sourceTree = "<group>";
		};
		16BFEB221F348C6900DB41B4 /* Flickr+MVVM-C+RXSwift */ = {
			isa = PBXGroup;
			children = (
				16BFEB231F348C6900DB41B4 /* AppDelegate.swift */,
				1625F6BE1F3BAE37006E7FBA /* Model */,
				1625F6B51F3B7A7D006E7FBA /* View */,
				1625F6BA1F3B7ACA006E7FBA /* View Models */,
				1625F6BB1F3B7AE4006E7FBA /* Coordinators */,
				1625F6B91F3B7AB6006E7FBA /* Resources */,
				1625F6B81F3B7AAA006E7FBA /* UI */,
				1625F6B41F3B7A72006E7FBA /* Network */,
			);
			path = "Flickr+MVVM-C+RXSwift";
			sourceTree = "<group>";
		};
		16BFEB3A1F348C6A00DB41B4 /* Flickr+MVVM-C+RXSwiftTests */ = {
			isa = PBXGroup;
			children = (
				16BFEB3B1F348C6A00DB41B4 /* Flickr_MVVM_C_RXSwiftTests.swift */,
				16BFEB3D1F348C6A00DB41B4 /* Info.plist */,
			);
			path = "Flickr+MVVM-C+RXSwiftTests";
			sourceTree = "<group>";
		};
		6C0F3B47261ABDE6383B9976 /* Frameworks */ = {
			isa = PBXGroup;
			children = (
				0604E57C86A73886EEB865FC /* Pods_Flickr_MVVM_C_RXSwift.framework */,
				1CE475A17FFFE390F37041DC /* Pods_Flickr_MVVM_C_RXSwiftTests.framework */,
			);
			name = Frameworks;
			sourceTree = "<group>";
		};
		FDA5DBFB172A0B91C3DC5CFD /* Pods */ = {
			isa = PBXGroup;
			children = (
				23F100F6CC215303A085B87D /* Pods-Flickr+MVVM-C+RXSwift.debug.xcconfig */,
				1501F73C33902791036C6A42 /* Pods-Flickr+MVVM-C+RXSwift.release.xcconfig */,
				CADB14D2413A2EB2F6943D0F /* Pods-Flickr+MVVM-C+RXSwiftTests.debug.xcconfig */,
				F315544764D7A60A18767C0A /* Pods-Flickr+MVVM-C+RXSwiftTests.release.xcconfig */,
			);
			name = Pods;
			sourceTree = "<group>";
		};
/* End PBXGroup section */

/* Begin PBXNativeTarget section */
		16BFEB1F1F348C6900DB41B4 /* Flickr+MVVM-C+RXSwift */ = {
			isa = PBXNativeTarget;
			buildConfigurationList = 16BFEB401F348C6A00DB41B4 /* Build configuration list for PBXNativeTarget "Flickr+MVVM-C+RXSwift" */;
			buildPhases = (
				6927FAEDCDF3ED99DA81E218 /* [CP] Check Pods Manifest.lock */,
				16BFEB1C1F348C6900DB41B4 /* Sources */,
				16BFEB1D1F348C6900DB41B4 /* Frameworks */,
				16BFEB1E1F348C6900DB41B4 /* Resources */,
				782E71532DE8E46F53FB24A9 /* [CP] Embed Pods Frameworks */,
				AAD962200CE67948290DF9F4 /* [CP] Copy Pods Resources */,
			);
			buildRules = (
			);
			dependencies = (
			);
			name = "Flickr+MVVM-C+RXSwift";
			productName = "Flickr+MVVM-C+RXSwift";
			productReference = 16BFEB201F348C6900DB41B4 /* Flickr+MVVM-C+RXSwift.app */;
			productType = "com.apple.product-type.application";
		};
		16BFEB361F348C6900DB41B4 /* Flickr+MVVM-C+RXSwiftTests */ = {
			isa = PBXNativeTarget;
			buildConfigurationList = 16BFEB431F348C6A00DB41B4 /* Build configuration list for PBXNativeTarget "Flickr+MVVM-C+RXSwiftTests" */;
			buildPhases = (
				6091B81D7DDAAB1E85EC7E04 /* [CP] Check Pods Manifest.lock */,
				16BFEB331F348C6900DB41B4 /* Sources */,
				16BFEB341F348C6900DB41B4 /* Frameworks */,
				16BFEB351F348C6900DB41B4 /* Resources */,
				0BB3879239C4EFD036F98733 /* [CP] Embed Pods Frameworks */,
				6B2470A9DCDF2E42884913FA /* [CP] Copy Pods Resources */,
			);
			buildRules = (
			);
			dependencies = (
				16BFEB391F348C6A00DB41B4 /* PBXTargetDependency */,
			);
			name = "Flickr+MVVM-C+RXSwiftTests";
			productName = "Flickr+MVVM-C+RXSwiftTests";
			productReference = 16BFEB371F348C6A00DB41B4 /* Flickr+MVVM-C+RXSwiftTests.xctest */;
			productType = "com.apple.product-type.bundle.unit-test";
		};
/* End PBXNativeTarget section */

/* Begin PBXProject section */
		16BFEB181F348C6900DB41B4 /* Project object */ = {
			isa = PBXProject;
			attributes = {
				LastSwiftUpdateCheck = 0830;
				LastUpgradeCheck = 0830;
				ORGANIZATIONNAME = "Rafael Moura";
				TargetAttributes = {
					16BFEB1F1F348C6900DB41B4 = {
						CreatedOnToolsVersion = 8.3.3;
						DevelopmentTeam = JZQX6YK7KS;
						ProvisioningStyle = Automatic;
					};
					16BFEB361F348C6900DB41B4 = {
						CreatedOnToolsVersion = 8.3.3;
						DevelopmentTeam = JZQX6YK7KS;
						ProvisioningStyle = Automatic;
						TestTargetID = 16BFEB1F1F348C6900DB41B4;
					};
				};
			};
			buildConfigurationList = 16BFEB1B1F348C6900DB41B4 /* Build configuration list for PBXProject "Flickr+MVVM-C+RXSwift" */;
			compatibilityVersion = "Xcode 3.2";
			developmentRegion = English;
			hasScannedForEncodings = 0;
			knownRegions = (
				en,
				Base,
			);
			mainGroup = 16BFEB171F348C6900DB41B4;
			productRefGroup = 16BFEB211F348C6900DB41B4 /* Products */;
			projectDirPath = "";
			projectRoot = "";
			targets = (
				16BFEB1F1F348C6900DB41B4 /* Flickr+MVVM-C+RXSwift */,
				16BFEB361F348C6900DB41B4 /* Flickr+MVVM-C+RXSwiftTests */,
			);
		};
/* End PBXProject section */

/* Begin PBXResourcesBuildPhase section */
		16BFEB1E1F348C6900DB41B4 /* Resources */ = {
			isa = PBXResourcesBuildPhase;
			buildActionMask = 2147483647;
			files = (
				16BFEB311F348C6900DB41B4 /* LaunchScreen.storyboard in Resources */,
				1625F6BD1F3B7BAB006E7FBA /* FlickrKeys.plist in Resources */,
				16BFEB2E1F348C6900DB41B4 /* Assets.xcassets in Resources */,
				16BFEB291F348C6900DB41B4 /* Main.storyboard in Resources */,
			);
			runOnlyForDeploymentPostprocessing = 0;
		};
		16BFEB351F348C6900DB41B4 /* Resources */ = {
			isa = PBXResourcesBuildPhase;
			buildActionMask = 2147483647;
			files = (
			);
			runOnlyForDeploymentPostprocessing = 0;
		};
/* End PBXResourcesBuildPhase section */

/* Begin PBXShellScriptBuildPhase section */
		0BB3879239C4EFD036F98733 /* [CP] Embed Pods Frameworks */ = {
			isa = PBXShellScriptBuildPhase;
			buildActionMask = 2147483647;
			files = (
			);
			inputPaths = (
			);
			name = "[CP] Embed Pods Frameworks";
			outputPaths = (
			);
			runOnlyForDeploymentPostprocessing = 0;
			shellPath = /bin/sh;
			shellScript = "\"${SRCROOT}/Pods/Target Support Files/Pods-Flickr+MVVM-C+RXSwiftTests/Pods-Flickr+MVVM-C+RXSwiftTests-frameworks.sh\"\n";
			showEnvVarsInLog = 0;
		};
		6091B81D7DDAAB1E85EC7E04 /* [CP] Check Pods Manifest.lock */ = {
			isa = PBXShellScriptBuildPhase;
			buildActionMask = 2147483647;
			files = (
			);
			inputPaths = (
			);
			name = "[CP] Check Pods Manifest.lock";
			outputPaths = (
			);
			runOnlyForDeploymentPostprocessing = 0;
			shellPath = /bin/sh;
			shellScript = "diff \"${PODS_ROOT}/../Podfile.lock\" \"${PODS_ROOT}/Manifest.lock\" > /dev/null\nif [ $? != 0 ] ; then\n    # print error to STDERR\n    echo \"error: The sandbox is not in sync with the Podfile.lock. Run 'pod install' or update your CocoaPods installation.\" >&2\n    exit 1\nfi\n";
			showEnvVarsInLog = 0;
		};
		6927FAEDCDF3ED99DA81E218 /* [CP] Check Pods Manifest.lock */ = {
			isa = PBXShellScriptBuildPhase;
			buildActionMask = 2147483647;
			files = (
			);
			inputPaths = (
			);
			name = "[CP] Check Pods Manifest.lock";
			outputPaths = (
			);
			runOnlyForDeploymentPostprocessing = 0;
			shellPath = /bin/sh;
			shellScript = "diff \"${PODS_ROOT}/../Podfile.lock\" \"${PODS_ROOT}/Manifest.lock\" > /dev/null\nif [ $? != 0 ] ; then\n    # print error to STDERR\n    echo \"error: The sandbox is not in sync with the Podfile.lock. Run 'pod install' or update your CocoaPods installation.\" >&2\n    exit 1\nfi\n";
			showEnvVarsInLog = 0;
		};
		6B2470A9DCDF2E42884913FA /* [CP] Copy Pods Resources */ = {
			isa = PBXShellScriptBuildPhase;
			buildActionMask = 2147483647;
			files = (
			);
			inputPaths = (
			);
			name = "[CP] Copy Pods Resources";
			outputPaths = (
			);
			runOnlyForDeploymentPostprocessing = 0;
			shellPath = /bin/sh;
			shellScript = "\"${SRCROOT}/Pods/Target Support Files/Pods-Flickr+MVVM-C+RXSwiftTests/Pods-Flickr+MVVM-C+RXSwiftTests-resources.sh\"\n";
			showEnvVarsInLog = 0;
		};
		782E71532DE8E46F53FB24A9 /* [CP] Embed Pods Frameworks */ = {
			isa = PBXShellScriptBuildPhase;
			buildActionMask = 2147483647;
			files = (
			);
			inputPaths = (
			);
			name = "[CP] Embed Pods Frameworks";
			outputPaths = (
			);
			runOnlyForDeploymentPostprocessing = 0;
			shellPath = /bin/sh;
			shellScript = "\"${SRCROOT}/Pods/Target Support Files/Pods-Flickr+MVVM-C+RXSwift/Pods-Flickr+MVVM-C+RXSwift-frameworks.sh\"\n";
			showEnvVarsInLog = 0;
		};
		AAD962200CE67948290DF9F4 /* [CP] Copy Pods Resources */ = {
			isa = PBXShellScriptBuildPhase;
			buildActionMask = 2147483647;
			files = (
			);
			inputPaths = (
			);
			name = "[CP] Copy Pods Resources";
			outputPaths = (
			);
			runOnlyForDeploymentPostprocessing = 0;
			shellPath = /bin/sh;
			shellScript = "\"${SRCROOT}/Pods/Target Support Files/Pods-Flickr+MVVM-C+RXSwift/Pods-Flickr+MVVM-C+RXSwift-resources.sh\"\n";
			showEnvVarsInLog = 0;
		};
/* End PBXShellScriptBuildPhase section */

/* Begin PBXSourcesBuildPhase section */
		16BFEB1C1F348C6900DB41B4 /* Sources */ = {
			isa = PBXSourcesBuildPhase;
			buildActionMask = 2147483647;
			files = (
				16BFEB2C1F348C6900DB41B4 /* Flickr_MVVM_C_RXSwift.xcdatamodeld in Sources */,
				16BFEB261F348C6900DB41B4 /* GalleryVIewController.swift in Sources */,
				161317E31F3DF02200173FB3 /* GalleryLayout.swift in Sources */,
				16BFEB241F348C6900DB41B4 /* AppDelegate.swift in Sources */,
				161317E51F3E355400173FB3 /* GalleryViewCell.swift in Sources */,
				1625F6B31F3B5833006E7FBA /* FlickrService.swift in Sources */,
				161317E11F3CDDD900173FB3 /* FlickrRecord.swift in Sources */,
			);
			runOnlyForDeploymentPostprocessing = 0;
		};
		16BFEB331F348C6900DB41B4 /* Sources */ = {
			isa = PBXSourcesBuildPhase;
			buildActionMask = 2147483647;
			files = (
				16BFEB3C1F348C6A00DB41B4 /* Flickr_MVVM_C_RXSwiftTests.swift in Sources */,
			);
			runOnlyForDeploymentPostprocessing = 0;
		};
/* End PBXSourcesBuildPhase section */

/* Begin PBXTargetDependency section */
		16BFEB391F348C6A00DB41B4 /* PBXTargetDependency */ = {
			isa = PBXTargetDependency;
			target = 16BFEB1F1F348C6900DB41B4 /* Flickr+MVVM-C+RXSwift */;
			targetProxy = 16BFEB381F348C6A00DB41B4 /* PBXContainerItemProxy */;
		};
/* End PBXTargetDependency section */

/* Begin PBXVariantGroup section */
		16BFEB271F348C6900DB41B4 /* Main.storyboard */ = {
			isa = PBXVariantGroup;
			children = (
				16BFEB281F348C6900DB41B4 /* Base */,
			);
			name = Main.storyboard;
			sourceTree = "<group>";
		};
		16BFEB2F1F348C6900DB41B4 /* LaunchScreen.storyboard */ = {
			isa = PBXVariantGroup;
			children = (
				16BFEB301F348C6900DB41B4 /* Base */,
			);
			name = LaunchScreen.storyboard;
			sourceTree = "<group>";
		};
/* End PBXVariantGroup section */

/* Begin XCBuildConfiguration section */
		16BFEB3E1F348C6A00DB41B4 /* Debug */ = {
			isa = XCBuildConfiguration;
			buildSettings = {
				ALWAYS_SEARCH_USER_PATHS = NO;
				CLANG_ANALYZER_NONNULL = YES;
				CLANG_ANALYZER_NUMBER_OBJECT_CONVERSION = YES_AGGRESSIVE;
				CLANG_CXX_LANGUAGE_STANDARD = "gnu++0x";
				CLANG_CXX_LIBRARY = "libc++";
				CLANG_ENABLE_MODULES = YES;
				CLANG_ENABLE_OBJC_ARC = YES;
				CLANG_WARN_BOOL_CONVERSION = YES;
				CLANG_WARN_CONSTANT_CONVERSION = YES;
				CLANG_WARN_DIRECT_OBJC_ISA_USAGE = YES_ERROR;
				CLANG_WARN_DOCUMENTATION_COMMENTS = YES;
				CLANG_WARN_EMPTY_BODY = YES;
				CLANG_WARN_ENUM_CONVERSION = YES;
				CLANG_WARN_INFINITE_RECURSION = YES;
				CLANG_WARN_INT_CONVERSION = YES;
				CLANG_WARN_OBJC_ROOT_CLASS = YES_ERROR;
				CLANG_WARN_SUSPICIOUS_MOVE = YES;
				CLANG_WARN_UNREACHABLE_CODE = YES;
				CLANG_WARN__DUPLICATE_METHOD_MATCH = YES;
				"CODE_SIGN_IDENTITY[sdk=iphoneos*]" = "iPhone Developer";
				COPY_PHASE_STRIP = NO;
				DEBUG_INFORMATION_FORMAT = dwarf;
				ENABLE_STRICT_OBJC_MSGSEND = YES;
				ENABLE_TESTABILITY = YES;
				GCC_C_LANGUAGE_STANDARD = gnu99;
				GCC_DYNAMIC_NO_PIC = NO;
				GCC_NO_COMMON_BLOCKS = YES;
				GCC_OPTIMIZATION_LEVEL = 0;
				GCC_PREPROCESSOR_DEFINITIONS = (
					"DEBUG=1",
					"$(inherited)",
				);
				GCC_WARN_64_TO_32_BIT_CONVERSION = YES;
				GCC_WARN_ABOUT_RETURN_TYPE = YES_ERROR;
				GCC_WARN_UNDECLARED_SELECTOR = YES;
				GCC_WARN_UNINITIALIZED_AUTOS = YES_AGGRESSIVE;
				GCC_WARN_UNUSED_FUNCTION = YES;
				GCC_WARN_UNUSED_VARIABLE = YES;
				IPHONEOS_DEPLOYMENT_TARGET = 10.3;
				MTL_ENABLE_DEBUG_INFO = YES;
				ONLY_ACTIVE_ARCH = YES;
				SDKROOT = iphoneos;
				SWIFT_ACTIVE_COMPILATION_CONDITIONS = DEBUG;
				SWIFT_OPTIMIZATION_LEVEL = "-Onone";
				TARGETED_DEVICE_FAMILY = "1,2";
			};
			name = Debug;
		};
		16BFEB3F1F348C6A00DB41B4 /* Release */ = {
			isa = XCBuildConfiguration;
			buildSettings = {
				ALWAYS_SEARCH_USER_PATHS = NO;
				CLANG_ANALYZER_NONNULL = YES;
				CLANG_ANALYZER_NUMBER_OBJECT_CONVERSION = YES_AGGRESSIVE;
				CLANG_CXX_LANGUAGE_STANDARD = "gnu++0x";
				CLANG_CXX_LIBRARY = "libc++";
				CLANG_ENABLE_MODULES = YES;
				CLANG_ENABLE_OBJC_ARC = YES;
				CLANG_WARN_BOOL_CONVERSION = YES;
				CLANG_WARN_CONSTANT_CONVERSION = YES;
				CLANG_WARN_DIRECT_OBJC_ISA_USAGE = YES_ERROR;
				CLANG_WARN_DOCUMENTATION_COMMENTS = YES;
				CLANG_WARN_EMPTY_BODY = YES;
				CLANG_WARN_ENUM_CONVERSION = YES;
				CLANG_WARN_INFINITE_RECURSION = YES;
				CLANG_WARN_INT_CONVERSION = YES;
				CLANG_WARN_OBJC_ROOT_CLASS = YES_ERROR;
				CLANG_WARN_SUSPICIOUS_MOVE = YES;
				CLANG_WARN_UNREACHABLE_CODE = YES;
				CLANG_WARN__DUPLICATE_METHOD_MATCH = YES;
				"CODE_SIGN_IDENTITY[sdk=iphoneos*]" = "iPhone Developer";
				COPY_PHASE_STRIP = NO;
				DEBUG_INFORMATION_FORMAT = "dwarf-with-dsym";
				ENABLE_NS_ASSERTIONS = NO;
				ENABLE_STRICT_OBJC_MSGSEND = YES;
				GCC_C_LANGUAGE_STANDARD = gnu99;
				GCC_NO_COMMON_BLOCKS = YES;
				GCC_WARN_64_TO_32_BIT_CONVERSION = YES;
				GCC_WARN_ABOUT_RETURN_TYPE = YES_ERROR;
				GCC_WARN_UNDECLARED_SELECTOR = YES;
				GCC_WARN_UNINITIALIZED_AUTOS = YES_AGGRESSIVE;
				GCC_WARN_UNUSED_FUNCTION = YES;
				GCC_WARN_UNUSED_VARIABLE = YES;
				IPHONEOS_DEPLOYMENT_TARGET = 10.3;
				MTL_ENABLE_DEBUG_INFO = NO;
				SDKROOT = iphoneos;
				SWIFT_OPTIMIZATION_LEVEL = "-Owholemodule";
				TARGETED_DEVICE_FAMILY = "1,2";
				VALIDATE_PRODUCT = YES;
			};
			name = Release;
		};
		16BFEB411F348C6A00DB41B4 /* Debug */ = {
			isa = XCBuildConfiguration;
			baseConfigurationReference = 23F100F6CC215303A085B87D /* Pods-Flickr+MVVM-C+RXSwift.debug.xcconfig */;
			buildSettings = {
				ASSETCATALOG_COMPILER_APPICON_NAME = AppIcon;
				DEVELOPMENT_TEAM = JZQX6YK7KS;
				INFOPLIST_FILE = "Flickr+MVVM-C+RXSwift/Info.plist";
				LD_RUNPATH_SEARCH_PATHS = "$(inherited) @executable_path/Frameworks";
				PRODUCT_BUNDLE_IDENTIFIER = "com.rafael.moura.Flickr-MVVM-C-RXSwift";
				PRODUCT_NAME = "$(TARGET_NAME)";
				SWIFT_VERSION = 3.0;
			};
			name = Debug;
		};
		16BFEB421F348C6A00DB41B4 /* Release */ = {
			isa = XCBuildConfiguration;
			baseConfigurationReference = 1501F73C33902791036C6A42 /* Pods-Flickr+MVVM-C+RXSwift.release.xcconfig */;
			buildSettings = {
				ASSETCATALOG_COMPILER_APPICON_NAME = AppIcon;
				DEVELOPMENT_TEAM = JZQX6YK7KS;
				INFOPLIST_FILE = "Flickr+MVVM-C+RXSwift/Info.plist";
				LD_RUNPATH_SEARCH_PATHS = "$(inherited) @executable_path/Frameworks";
				PRODUCT_BUNDLE_IDENTIFIER = "com.rafael.moura.Flickr-MVVM-C-RXSwift";
				PRODUCT_NAME = "$(TARGET_NAME)";
				SWIFT_VERSION = 3.0;
			};
			name = Release;
		};
		16BFEB441F348C6A00DB41B4 /* Debug */ = {
			isa = XCBuildConfiguration;
			baseConfigurationReference = CADB14D2413A2EB2F6943D0F /* Pods-Flickr+MVVM-C+RXSwiftTests.debug.xcconfig */;
			buildSettings = {
				ALWAYS_EMBED_SWIFT_STANDARD_LIBRARIES = YES;
				BUNDLE_LOADER = "$(TEST_HOST)";
				DEVELOPMENT_TEAM = JZQX6YK7KS;
				INFOPLIST_FILE = "Flickr+MVVM-C+RXSwiftTests/Info.plist";
				LD_RUNPATH_SEARCH_PATHS = "$(inherited) @executable_path/Frameworks @loader_path/Frameworks";
				PRODUCT_BUNDLE_IDENTIFIER = "com.rafael.moura.Flickr-MVVM-C-RXSwiftTests";
				PRODUCT_NAME = "$(TARGET_NAME)";
				SWIFT_VERSION = 3.0;
				TEST_HOST = "$(BUILT_PRODUCTS_DIR)/Flickr+MVVM-C+RXSwift.app/Flickr+MVVM-C+RXSwift";
			};
			name = Debug;
		};
		16BFEB451F348C6A00DB41B4 /* Release */ = {
			isa = XCBuildConfiguration;
			baseConfigurationReference = F315544764D7A60A18767C0A /* Pods-Flickr+MVVM-C+RXSwiftTests.release.xcconfig */;
			buildSettings = {
				ALWAYS_EMBED_SWIFT_STANDARD_LIBRARIES = YES;
				BUNDLE_LOADER = "$(TEST_HOST)";
				DEVELOPMENT_TEAM = JZQX6YK7KS;
				INFOPLIST_FILE = "Flickr+MVVM-C+RXSwiftTests/Info.plist";
				LD_RUNPATH_SEARCH_PATHS = "$(inherited) @executable_path/Frameworks @loader_path/Frameworks";
				PRODUCT_BUNDLE_IDENTIFIER = "com.rafael.moura.Flickr-MVVM-C-RXSwiftTests";
				PRODUCT_NAME = "$(TARGET_NAME)";
				SWIFT_VERSION = 3.0;
				TEST_HOST = "$(BUILT_PRODUCTS_DIR)/Flickr+MVVM-C+RXSwift.app/Flickr+MVVM-C+RXSwift";
			};
			name = Release;
		};
/* End XCBuildConfiguration section */

/* Begin XCConfigurationList section */
		16BFEB1B1F348C6900DB41B4 /* Build configuration list for PBXProject "Flickr+MVVM-C+RXSwift" */ = {
			isa = XCConfigurationList;
			buildConfigurations = (
				16BFEB3E1F348C6A00DB41B4 /* Debug */,
				16BFEB3F1F348C6A00DB41B4 /* Release */,
			);
			defaultConfigurationIsVisible = 0;
			defaultConfigurationName = Release;
		};
		16BFEB401F348C6A00DB41B4 /* Build configuration list for PBXNativeTarget "Flickr+MVVM-C+RXSwift" */ = {
			isa = XCConfigurationList;
			buildConfigurations = (
				16BFEB411F348C6A00DB41B4 /* Debug */,
				16BFEB421F348C6A00DB41B4 /* Release */,
			);
			defaultConfigurationIsVisible = 0;
			defaultConfigurationName = Release;
		};
		16BFEB431F348C6A00DB41B4 /* Build configuration list for PBXNativeTarget "Flickr+MVVM-C+RXSwiftTests" */ = {
			isa = XCConfigurationList;
			buildConfigurations = (
				16BFEB441F348C6A00DB41B4 /* Debug */,
				16BFEB451F348C6A00DB41B4 /* Release */,
			);
			defaultConfigurationIsVisible = 0;
			defaultConfigurationName = Release;
		};
/* End XCConfigurationList section */

/* Begin XCVersionGroup section */
		16BFEB2A1F348C6900DB41B4 /* Flickr_MVVM_C_RXSwift.xcdatamodeld */ = {
			isa = XCVersionGroup;
			children = (
				16BFEB2B1F348C6900DB41B4 /* Flickr_MVVM_C_RXSwift.xcdatamodel */,
			);
			currentVersion = 16BFEB2B1F348C6900DB41B4 /* Flickr_MVVM_C_RXSwift.xcdatamodel */;
			path = Flickr_MVVM_C_RXSwift.xcdatamodeld;
			sourceTree = "<group>";
			versionGroupType = wrapper.xcdatamodel;
		};
/* End XCVersionGroup section */
	};
	rootObject = 16BFEB181F348C6900DB41B4 /* Project object */;
}
